// !$*UTF8*$!
{
	archiveVersion = 1;
	classes = {
	};
	objectVersion = 50;
	objects = {

/* Begin PBXBuildFile section */
		F32E161622516E3100AD1226 /* WordTaggingViewController.swift in Sources */ = {isa = PBXBuildFile; fileRef = F32E161522516E3100AD1226 /* WordTaggingViewController.swift */; };
		F32E161722516E4700AD1226 /* CustomWordTagger.swift in Sources */ = {isa = PBXBuildFile; fileRef = F366ACBF22513A6B0026C532 /* CustomWordTagger.swift */; };
		F32E161822516EFB00AD1226 /* NameTagger.mlmodel in Sources */ = {isa = PBXBuildFile; fileRef = F366ACD7225147EA0026C532 /* NameTagger.mlmodel */; };
		F32E161B22516F6500AD1226 /* TextClassificationViewController.swift in Sources */ = {isa = PBXBuildFile; fileRef = F32E161A22516F6500AD1226 /* TextClassificationViewController.swift */; };
		F32E161C22516FF700AD1226 /* CustomTextClassifier.swift in Sources */ = {isa = PBXBuildFile; fileRef = F3EC28BA2251529F0085C371 /* CustomTextClassifier.swift */; };
		F32E161D2251702B00AD1226 /* MovieReviewClassifier.mlmodel in Sources */ = {isa = PBXBuildFile; fileRef = F3EC28B82251521F0085C371 /* MovieReviewClassifier.mlmodel */; };
		F32E161E2251706A00AD1226 /* StringExtension.swift in Sources */ = {isa = PBXBuildFile; fileRef = F3EC28C9225155C50085C371 /* StringExtension.swift */; };
		F32E162A2251843B00AD1226 /* RestaurantReviewClassifier.mlmodel in Sources */ = {isa = PBXBuildFile; fileRef = F32E16292251843B00AD1226 /* RestaurantReviewClassifier.mlmodel */; };
		F32E162C2251845800AD1226 /* RestaurantReviewer.swift in Sources */ = {isa = PBXBuildFile; fileRef = F32E162B2251845800AD1226 /* RestaurantReviewer.swift */; };
		F371BEF622512B9E0019B7C2 /* Training.h in Headers */ = {isa = PBXBuildFile; fileRef = F371BEF422512B9E0019B7C2 /* Training.h */; settings = {ATTRIBUTES = (Public, ); }; };
		F3B6A8542252BA3F00434540 /* BrownTagger.mlmodel in Sources */ = {isa = PBXBuildFile; fileRef = F3B6A8532252BA3F00434540 /* BrownTagger.mlmodel */; };
		F3B6A8562252BB7600434540 /* BrownTagging.swift in Sources */ = {isa = PBXBuildFile; fileRef = F3B6A8552252BB7600434540 /* BrownTagging.swift */; };
		F3EC28D622516CE80085C371 /* AppDelegate.swift in Sources */ = {isa = PBXBuildFile; fileRef = F3EC28D522516CE80085C371 /* AppDelegate.swift */; };
		F3EC28DB22516CE80085C371 /* Main.storyboard in Resources */ = {isa = PBXBuildFile; fileRef = F3EC28D922516CE80085C371 /* Main.storyboard */; };
		F3EC28DD22516CE90085C371 /* Assets.xcassets in Resources */ = {isa = PBXBuildFile; fileRef = F3EC28DC22516CE90085C371 /* Assets.xcassets */; };
		F3EC28E022516CE90085C371 /* LaunchScreen.storyboard in Resources */ = {isa = PBXBuildFile; fileRef = F3EC28DE22516CE90085C371 /* LaunchScreen.storyboard */; };
/* End PBXBuildFile section */

/* Begin PBXFileReference section */
		F32E161522516E3100AD1226 /* WordTaggingViewController.swift */ = {isa = PBXFileReference; lastKnownFileType = sourcecode.swift; path = WordTaggingViewController.swift; sourceTree = "<group>"; };
		F32E161A22516F6500AD1226 /* TextClassificationViewController.swift */ = {isa = PBXFileReference; lastKnownFileType = sourcecode.swift; path = TextClassificationViewController.swift; sourceTree = "<group>"; };
		F32E161F2251737400AD1226 /* NLP.playground */ = {isa = PBXFileReference; lastKnownFileType = file.playground; path = NLP.playground; sourceTree = "<group>"; xcLanguageSpecificationIdentifier = xcode.lang.swift; };
		F32E16292251843B00AD1226 /* RestaurantReviewClassifier.mlmodel */ = {isa = PBXFileReference; lastKnownFileType = file.mlmodel; path = RestaurantReviewClassifier.mlmodel; sourceTree = "<group>"; };
		F32E162B2251845800AD1226 /* RestaurantReviewer.swift */ = {isa = PBXFileReference; lastKnownFileType = sourcecode.swift; path = RestaurantReviewer.swift; sourceTree = "<group>"; };
		F366ACBF22513A6B0026C532 /* CustomWordTagger.swift */ = {isa = PBXFileReference; lastKnownFileType = sourcecode.swift; path = CustomWordTagger.swift; sourceTree = "<group>"; };
		F366ACD7225147EA0026C532 /* NameTagger.mlmodel */ = {isa = PBXFileReference; lastKnownFileType = file.mlmodel; path = NameTagger.mlmodel; sourceTree = "<group>"; };
		F371BEF222512B9E0019B7C2 /* Training.framework */ = {isa = PBXFileReference; explicitFileType = wrapper.framework; includeInIndex = 0; path = Training.framework; sourceTree = BUILT_PRODUCTS_DIR; };
		F371BEF422512B9E0019B7C2 /* Training.h */ = {isa = PBXFileReference; lastKnownFileType = sourcecode.c.h; path = Training.h; sourceTree = "<group>"; };
		F371BEF522512B9E0019B7C2 /* Info.plist */ = {isa = PBXFileReference; lastKnownFileType = text.plist.xml; path = Info.plist; sourceTree = "<group>"; };
		F3B6A8532252BA3F00434540 /* BrownTagger.mlmodel */ = {isa = PBXFileReference; lastKnownFileType = file.mlmodel; path = BrownTagger.mlmodel; sourceTree = "<group>"; };
		F3B6A8552252BB7600434540 /* BrownTagging.swift */ = {isa = PBXFileReference; lastKnownFileType = sourcecode.swift; path = BrownTagging.swift; sourceTree = "<group>"; };
		F3B6A8572253C8EF00434540 /* WordTagging.playground */ = {isa = PBXFileReference; lastKnownFileType = file.playground; path = WordTagging.playground; sourceTree = "<group>"; xcLanguageSpecificationIdentifier = xcode.lang.swift; };
		F3EC28B722514EB70085C371 /* TextClassification.playground */ = {isa = PBXFileReference; lastKnownFileType = file.playground; path = TextClassification.playground; sourceTree = "<group>"; xcLanguageSpecificationIdentifier = xcode.lang.swift; };
		F3EC28B82251521F0085C371 /* MovieReviewClassifier.mlmodel */ = {isa = PBXFileReference; lastKnownFileType = file.mlmodel; path = MovieReviewClassifier.mlmodel; sourceTree = "<group>"; };
		F3EC28BA2251529F0085C371 /* CustomTextClassifier.swift */ = {isa = PBXFileReference; lastKnownFileType = sourcecode.swift; path = CustomTextClassifier.swift; sourceTree = "<group>"; };
		F3EC28C9225155C50085C371 /* StringExtension.swift */ = {isa = PBXFileReference; lastKnownFileType = sourcecode.swift; path = StringExtension.swift; sourceTree = "<group>"; };
		F3EC28D322516CE70085C371 /* CocoaheadsFloripa21.app */ = {isa = PBXFileReference; explicitFileType = wrapper.application; includeInIndex = 0; path = CocoaheadsFloripa21.app; sourceTree = BUILT_PRODUCTS_DIR; };
		F3EC28D522516CE80085C371 /* AppDelegate.swift */ = {isa = PBXFileReference; lastKnownFileType = sourcecode.swift; path = AppDelegate.swift; sourceTree = "<group>"; };
		F3EC28DA22516CE80085C371 /* Base */ = {isa = PBXFileReference; lastKnownFileType = file.storyboard; name = Base; path = Base.lproj/Main.storyboard; sourceTree = "<group>"; };
		F3EC28DC22516CE90085C371 /* Assets.xcassets */ = {isa = PBXFileReference; lastKnownFileType = folder.assetcatalog; path = Assets.xcassets; sourceTree = "<group>"; };
		F3EC28DF22516CE90085C371 /* Base */ = {isa = PBXFileReference; lastKnownFileType = file.storyboard; name = Base; path = Base.lproj/LaunchScreen.storyboard; sourceTree = "<group>"; };
		F3EC28E122516CE90085C371 /* Info.plist */ = {isa = PBXFileReference; lastKnownFileType = text.plist.xml; path = Info.plist; sourceTree = "<group>"; };
/* End PBXFileReference section */

/* Begin PBXFrameworksBuildPhase section */
		F371BEEF22512B9E0019B7C2 /* Frameworks */ = {
			isa = PBXFrameworksBuildPhase;
			buildActionMask = 2147483647;
			files = (
			);
			runOnlyForDeploymentPostprocessing = 0;
		};
		F3EC28D022516CE70085C371 /* Frameworks */ = {
			isa = PBXFrameworksBuildPhase;
			buildActionMask = 2147483647;
			files = (
			);
			runOnlyForDeploymentPostprocessing = 0;
		};
/* End PBXFrameworksBuildPhase section */

/* Begin PBXGroup section */
		F32E161422516D3F00AD1226 /* TextClassification */ = {
			isa = PBXGroup;
			children = (
				F32E16292251843B00AD1226 /* RestaurantReviewClassifier.mlmodel */,
				F3EC28B82251521F0085C371 /* MovieReviewClassifier.mlmodel */,
				F32E161A22516F6500AD1226 /* TextClassificationViewController.swift */,
				F3EC28BA2251529F0085C371 /* CustomTextClassifier.swift */,
				F32E162B2251845800AD1226 /* RestaurantReviewer.swift */,
			);
			path = TextClassification;
			sourceTree = "<group>";
		};
		F32E161922516F1100AD1226 /* WordTagging */ = {
			isa = PBXGroup;
			children = (
				F3B6A8532252BA3F00434540 /* BrownTagger.mlmodel */,
				F366ACD7225147EA0026C532 /* NameTagger.mlmodel */,
				F32E161522516E3100AD1226 /* WordTaggingViewController.swift */,
				F366ACBF22513A6B0026C532 /* CustomWordTagger.swift */,
				F3B6A8552252BB7600434540 /* BrownTagging.swift */,
			);
			path = WordTagging;
			sourceTree = "<group>";
		};
		F371BEB922512A8F0019B7C2 = {
			isa = PBXGroup;
			children = (
				F3EC28D422516CE80085C371 /* CocoaheadsFloripa21 */,
				F371BEF322512B9E0019B7C2 /* Training */,
				F371BEC322512A8F0019B7C2 /* Products */,
				F3EC28CB225155E70085C371 /* Frameworks */,
			);
			sourceTree = "<group>";
		};
		F371BEC322512A8F0019B7C2 /* Products */ = {
			isa = PBXGroup;
			children = (
				F371BEF222512B9E0019B7C2 /* Training.framework */,
				F3EC28D322516CE70085C371 /* CocoaheadsFloripa21.app */,
			);
			name = Products;
			sourceTree = "<group>";
		};
		F371BEF322512B9E0019B7C2 /* Training */ = {
			isa = PBXGroup;
			children = (
				F371BEF422512B9E0019B7C2 /* Training.h */,
				F371BEF522512B9E0019B7C2 /* Info.plist */,
				F3B6A8572253C8EF00434540 /* WordTagging.playground */,
				F3EC28B722514EB70085C371 /* TextClassification.playground */,
			);
			path = Training;
			sourceTree = "<group>";
		};
		F3EC28CB225155E70085C371 /* Frameworks */ = {
			isa = PBXGroup;
			children = (
			);
			name = Frameworks;
			sourceTree = "<group>";
		};
		F3EC28D422516CE80085C371 /* CocoaheadsFloripa21 */ = {
			isa = PBXGroup;
			children = (
				F3EC28D522516CE80085C371 /* AppDelegate.swift */,
				F3EC28C9225155C50085C371 /* StringExtension.swift */,
				F3EC28D922516CE80085C371 /* Main.storyboard */,
				F3EC28DC22516CE90085C371 /* Assets.xcassets */,
				F3EC28DE22516CE90085C371 /* LaunchScreen.storyboard */,
				F3EC28E122516CE90085C371 /* Info.plist */,
				F32E161922516F1100AD1226 /* WordTagging */,
				F32E161422516D3F00AD1226 /* TextClassification */,
				F32E161F2251737400AD1226 /* NLP.playground */,
			);
			path = CocoaheadsFloripa21;
			sourceTree = "<group>";
		};
/* End PBXGroup section */

/* Begin PBXHeadersBuildPhase section */
		F371BEED22512B9E0019B7C2 /* Headers */ = {
			isa = PBXHeadersBuildPhase;
			buildActionMask = 2147483647;
			files = (
				F371BEF622512B9E0019B7C2 /* Training.h in Headers */,
			);
			runOnlyForDeploymentPostprocessing = 0;
		};
/* End PBXHeadersBuildPhase section */

/* Begin PBXNativeTarget section */
		F371BEF122512B9E0019B7C2 /* Training */ = {
			isa = PBXNativeTarget;
			buildConfigurationList = F371BEF722512B9E0019B7C2 /* Build configuration list for PBXNativeTarget "Training" */;
			buildPhases = (
				F371BEED22512B9E0019B7C2 /* Headers */,
				F371BEEE22512B9E0019B7C2 /* Sources */,
				F371BEEF22512B9E0019B7C2 /* Frameworks */,
				F371BEF022512B9E0019B7C2 /* Resources */,
			);
			buildRules = (
			);
			dependencies = (
			);
			name = Training;
			productName = Training;
			productReference = F371BEF222512B9E0019B7C2 /* Training.framework */;
			productType = "com.apple.product-type.framework";
		};
		F3EC28D222516CE70085C371 /* CocoaheadsFloripa21 */ = {
			isa = PBXNativeTarget;
			buildConfigurationList = F3EC28E222516CE90085C371 /* Build configuration list for PBXNativeTarget "CocoaheadsFloripa21" */;
			buildPhases = (
				F3EC28CF22516CE70085C371 /* Sources */,
				F3EC28D022516CE70085C371 /* Frameworks */,
				F3EC28D122516CE70085C371 /* Resources */,
			);
			buildRules = (
			);
			dependencies = (
			);
			name = CocoaheadsFloripa21;
			productName = CocoaheadsFloripa21;
			productReference = F3EC28D322516CE70085C371 /* CocoaheadsFloripa21.app */;
			productType = "com.apple.product-type.application";
		};
/* End PBXNativeTarget section */

/* Begin PBXProject section */
		F371BEBA22512A8F0019B7C2 /* Project object */ = {
			isa = PBXProject;
			attributes = {
				LastSwiftUpdateCheck = 1010;
				LastUpgradeCheck = 1010;
				ORGANIZATIONNAME = Alan;
				TargetAttributes = {
					F371BEF122512B9E0019B7C2 = {
						CreatedOnToolsVersion = 10.1;
					};
					F3EC28D222516CE70085C371 = {
						CreatedOnToolsVersion = 10.1;
					};
				};
			};
			buildConfigurationList = F371BEBD22512A8F0019B7C2 /* Build configuration list for PBXProject "CocoaheadsFloripa21" */;
			compatibilityVersion = "Xcode 9.3";
			developmentRegion = en;
			hasScannedForEncodings = 0;
			knownRegions = (
				en,
				Base,
			);
			mainGroup = F371BEB922512A8F0019B7C2;
			productRefGroup = F371BEC322512A8F0019B7C2 /* Products */;
			projectDirPath = "";
			projectRoot = "";
			targets = (
				F3EC28D222516CE70085C371 /* CocoaheadsFloripa21 */,
				F371BEF122512B9E0019B7C2 /* Training */,
			);
		};
/* End PBXProject section */

/* Begin PBXResourcesBuildPhase section */
		F371BEF022512B9E0019B7C2 /* Resources */ = {
			isa = PBXResourcesBuildPhase;
			buildActionMask = 2147483647;
			files = (
			);
			runOnlyForDeploymentPostprocessing = 0;
		};
		F3EC28D122516CE70085C371 /* Resources */ = {
			isa = PBXResourcesBuildPhase;
			buildActionMask = 2147483647;
			files = (
				F3EC28E022516CE90085C371 /* LaunchScreen.storyboard in Resources */,
				F3EC28DD22516CE90085C371 /* Assets.xcassets in Resources */,
				F3EC28DB22516CE80085C371 /* Main.storyboard in Resources */,
			);
			runOnlyForDeploymentPostprocessing = 0;
		};
/* End PBXResourcesBuildPhase section */

/* Begin PBXSourcesBuildPhase section */
		F371BEEE22512B9E0019B7C2 /* Sources */ = {
			isa = PBXSourcesBuildPhase;
			buildActionMask = 2147483647;
			files = (
			);
			runOnlyForDeploymentPostprocessing = 0;
		};
		F3EC28CF22516CE70085C371 /* Sources */ = {
			isa = PBXSourcesBuildPhase;
			buildActionMask = 2147483647;
			files = (
				F32E162A2251843B00AD1226 /* RestaurantReviewClassifier.mlmodel in Sources */,
				F32E161822516EFB00AD1226 /* NameTagger.mlmodel in Sources */,
				F32E161C22516FF700AD1226 /* CustomTextClassifier.swift in Sources */,
				F32E161B22516F6500AD1226 /* TextClassificationViewController.swift in Sources */,
				F32E161D2251702B00AD1226 /* MovieReviewClassifier.mlmodel in Sources */,
				F32E162C2251845800AD1226 /* RestaurantReviewer.swift in Sources */,
				F32E161E2251706A00AD1226 /* StringExtension.swift in Sources */,
				F3B6A8542252BA3F00434540 /* BrownTagger.mlmodel in Sources */,
				F3EC28D622516CE80085C371 /* AppDelegate.swift in Sources */,
				F32E161622516E3100AD1226 /* WordTaggingViewController.swift in Sources */,
				F3B6A8562252BB7600434540 /* BrownTagging.swift in Sources */,
				F32E161722516E4700AD1226 /* CustomWordTagger.swift in Sources */,
			);
			runOnlyForDeploymentPostprocessing = 0;
		};
/* End PBXSourcesBuildPhase section */

/* Begin PBXVariantGroup section */
		F3EC28D922516CE80085C371 /* Main.storyboard */ = {
			isa = PBXVariantGroup;
			children = (
				F3EC28DA22516CE80085C371 /* Base */,
			);
			name = Main.storyboard;
			sourceTree = "<group>";
		};
		F3EC28DE22516CE90085C371 /* LaunchScreen.storyboard */ = {
			isa = PBXVariantGroup;
			children = (
				F3EC28DF22516CE90085C371 /* Base */,
			);
			name = LaunchScreen.storyboard;
			sourceTree = "<group>";
		};
/* End PBXVariantGroup section */

/* Begin XCBuildConfiguration section */
		F371BED222512A900019B7C2 /* Debug */ = {
			isa = XCBuildConfiguration;
			buildSettings = {
				ALWAYS_SEARCH_USER_PATHS = NO;
				CLANG_ANALYZER_NONNULL = YES;
				CLANG_ANALYZER_NUMBER_OBJECT_CONVERSION = YES_AGGRESSIVE;
				CLANG_CXX_LANGUAGE_STANDARD = "gnu++14";
				CLANG_CXX_LIBRARY = "libc++";
				CLANG_ENABLE_MODULES = YES;
				CLANG_ENABLE_OBJC_ARC = YES;
				CLANG_ENABLE_OBJC_WEAK = YES;
				CLANG_WARN_BLOCK_CAPTURE_AUTORELEASING = YES;
				CLANG_WARN_BOOL_CONVERSION = YES;
				CLANG_WARN_COMMA = YES;
				CLANG_WARN_CONSTANT_CONVERSION = YES;
				CLANG_WARN_DEPRECATED_OBJC_IMPLEMENTATIONS = YES;
				CLANG_WARN_DIRECT_OBJC_ISA_USAGE = YES_ERROR;
				CLANG_WARN_DOCUMENTATION_COMMENTS = YES;
				CLANG_WARN_EMPTY_BODY = YES;
				CLANG_WARN_ENUM_CONVERSION = YES;
				CLANG_WARN_INFINITE_RECURSION = YES;
				CLANG_WARN_INT_CONVERSION = YES;
				CLANG_WARN_NON_LITERAL_NULL_CONVERSION = YES;
				CLANG_WARN_OBJC_IMPLICIT_RETAIN_SELF = YES;
				CLANG_WARN_OBJC_LITERAL_CONVERSION = YES;
				CLANG_WARN_OBJC_ROOT_CLASS = YES_ERROR;
				CLANG_WARN_RANGE_LOOP_ANALYSIS = YES;
				CLANG_WARN_STRICT_PROTOTYPES = YES;
				CLANG_WARN_SUSPICIOUS_MOVE = YES;
				CLANG_WARN_UNGUARDED_AVAILABILITY = YES_AGGRESSIVE;
				CLANG_WARN_UNREACHABLE_CODE = YES;
				CLANG_WARN__DUPLICATE_METHOD_MATCH = YES;
				CODE_SIGN_IDENTITY = "iPhone Developer";
				COPY_PHASE_STRIP = NO;
				DEBUG_INFORMATION_FORMAT = dwarf;
				ENABLE_STRICT_OBJC_MSGSEND = YES;
				ENABLE_TESTABILITY = YES;
				GCC_C_LANGUAGE_STANDARD = gnu11;
				GCC_DYNAMIC_NO_PIC = NO;
				GCC_NO_COMMON_BLOCKS = YES;
				GCC_OPTIMIZATION_LEVEL = 0;
				GCC_PREPROCESSOR_DEFINITIONS = (
					"DEBUG=1",
					"$(inherited)",
				);
				GCC_WARN_64_TO_32_BIT_CONVERSION = YES;
				GCC_WARN_ABOUT_RETURN_TYPE = YES_ERROR;
				GCC_WARN_UNDECLARED_SELECTOR = YES;
				GCC_WARN_UNINITIALIZED_AUTOS = YES_AGGRESSIVE;
				GCC_WARN_UNUSED_FUNCTION = YES;
				GCC_WARN_UNUSED_VARIABLE = YES;
				IPHONEOS_DEPLOYMENT_TARGET = 12.1;
				MTL_ENABLE_DEBUG_INFO = INCLUDE_SOURCE;
				MTL_FAST_MATH = YES;
				ONLY_ACTIVE_ARCH = YES;
				SDKROOT = iphoneos;
				SWIFT_ACTIVE_COMPILATION_CONDITIONS = DEBUG;
				SWIFT_OPTIMIZATION_LEVEL = "-Onone";
			};
			name = Debug;
		};
		F371BED322512A900019B7C2 /* Release */ = {
			isa = XCBuildConfiguration;
			buildSettings = {
				ALWAYS_SEARCH_USER_PATHS = NO;
				CLANG_ANALYZER_NONNULL = YES;
				CLANG_ANALYZER_NUMBER_OBJECT_CONVERSION = YES_AGGRESSIVE;
				CLANG_CXX_LANGUAGE_STANDARD = "gnu++14";
				CLANG_CXX_LIBRARY = "libc++";
				CLANG_ENABLE_MODULES = YES;
				CLANG_ENABLE_OBJC_ARC = YES;
				CLANG_ENABLE_OBJC_WEAK = YES;
				CLANG_WARN_BLOCK_CAPTURE_AUTORELEASING = YES;
				CLANG_WARN_BOOL_CONVERSION = YES;
				CLANG_WARN_COMMA = YES;
				CLANG_WARN_CONSTANT_CONVERSION = YES;
				CLANG_WARN_DEPRECATED_OBJC_IMPLEMENTATIONS = YES;
				CLANG_WARN_DIRECT_OBJC_ISA_USAGE = YES_ERROR;
				CLANG_WARN_DOCUMENTATION_COMMENTS = YES;
				CLANG_WARN_EMPTY_BODY = YES;
				CLANG_WARN_ENUM_CONVERSION = YES;
				CLANG_WARN_INFINITE_RECURSION = YES;
				CLANG_WARN_INT_CONVERSION = YES;
				CLANG_WARN_NON_LITERAL_NULL_CONVERSION = YES;
				CLANG_WARN_OBJC_IMPLICIT_RETAIN_SELF = YES;
				CLANG_WARN_OBJC_LITERAL_CONVERSION = YES;
				CLANG_WARN_OBJC_ROOT_CLASS = YES_ERROR;
				CLANG_WARN_RANGE_LOOP_ANALYSIS = YES;
				CLANG_WARN_STRICT_PROTOTYPES = YES;
				CLANG_WARN_SUSPICIOUS_MOVE = YES;
				CLANG_WARN_UNGUARDED_AVAILABILITY = YES_AGGRESSIVE;
				CLANG_WARN_UNREACHABLE_CODE = YES;
				CLANG_WARN__DUPLICATE_METHOD_MATCH = YES;
				CODE_SIGN_IDENTITY = "iPhone Developer";
				COPY_PHASE_STRIP = NO;
				DEBUG_INFORMATION_FORMAT = "dwarf-with-dsym";
				ENABLE_NS_ASSERTIONS = NO;
				ENABLE_STRICT_OBJC_MSGSEND = YES;
				GCC_C_LANGUAGE_STANDARD = gnu11;
				GCC_NO_COMMON_BLOCKS = YES;
				GCC_WARN_64_TO_32_BIT_CONVERSION = YES;
				GCC_WARN_ABOUT_RETURN_TYPE = YES_ERROR;
				GCC_WARN_UNDECLARED_SELECTOR = YES;
				GCC_WARN_UNINITIALIZED_AUTOS = YES_AGGRESSIVE;
				GCC_WARN_UNUSED_FUNCTION = YES;
				GCC_WARN_UNUSED_VARIABLE = YES;
				IPHONEOS_DEPLOYMENT_TARGET = 12.1;
				MTL_ENABLE_DEBUG_INFO = NO;
				MTL_FAST_MATH = YES;
				SDKROOT = iphoneos;
				SWIFT_COMPILATION_MODE = wholemodule;
				SWIFT_OPTIMIZATION_LEVEL = "-O";
				VALIDATE_PRODUCT = YES;
			};
			name = Release;
		};
		F371BEF822512B9E0019B7C2 /* Debug */ = {
			isa = XCBuildConfiguration;
			buildSettings = {
				CODE_SIGN_IDENTITY = "Mac Developer";
				CODE_SIGN_STYLE = Automatic;
				COMBINE_HIDPI_IMAGES = YES;
				CURRENT_PROJECT_VERSION = 1;
				DEFINES_MODULE = YES;
				DEVELOPMENT_TEAM = 4NVW2SSPZ5;
				DYLIB_COMPATIBILITY_VERSION = 1;
				DYLIB_CURRENT_VERSION = 1;
				DYLIB_INSTALL_NAME_BASE = "@rpath";
				FRAMEWORK_VERSION = A;
				INFOPLIST_FILE = Training/Info.plist;
				INSTALL_PATH = "$(LOCAL_LIBRARY_DIR)/Frameworks";
				LD_RUNPATH_SEARCH_PATHS = (
					"$(inherited)",
					"@executable_path/../Frameworks",
					"@loader_path/Frameworks",
				);
				MACOSX_DEPLOYMENT_TARGET = 10.14;
				PRODUCT_BUNDLE_IDENTIFIER = br.com.ajeferson.Training;
				PRODUCT_NAME = "$(TARGET_NAME:c99extidentifier)";
				SDKROOT = macosx;
				SKIP_INSTALL = YES;
				SWIFT_VERSION = 4.2;
				VERSIONING_SYSTEM = "apple-generic";
				VERSION_INFO_PREFIX = "";
			};
			name = Debug;
		};
		F371BEF922512B9E0019B7C2 /* Release */ = {
			isa = XCBuildConfiguration;
			buildSettings = {
				CODE_SIGN_IDENTITY = "Mac Developer";
				CODE_SIGN_STYLE = Automatic;
				COMBINE_HIDPI_IMAGES = YES;
				CURRENT_PROJECT_VERSION = 1;
				DEFINES_MODULE = YES;
				DEVELOPMENT_TEAM = 4NVW2SSPZ5;
				DYLIB_COMPATIBILITY_VERSION = 1;
				DYLIB_CURRENT_VERSION = 1;
				DYLIB_INSTALL_NAME_BASE = "@rpath";
				FRAMEWORK_VERSION = A;
				INFOPLIST_FILE = Training/Info.plist;
				INSTALL_PATH = "$(LOCAL_LIBRARY_DIR)/Frameworks";
				LD_RUNPATH_SEARCH_PATHS = (
					"$(inherited)",
					"@executable_path/../Frameworks",
					"@loader_path/Frameworks",
				);
				MACOSX_DEPLOYMENT_TARGET = 10.14;
				PRODUCT_BUNDLE_IDENTIFIER = br.com.ajeferson.Training;
				PRODUCT_NAME = "$(TARGET_NAME:c99extidentifier)";
				SDKROOT = macosx;
				SKIP_INSTALL = YES;
				SWIFT_VERSION = 4.2;
				VERSIONING_SYSTEM = "apple-generic";
				VERSION_INFO_PREFIX = "";
			};
			name = Release;
		};
		F3EC28E322516CE90085C371 /* Debug */ = {
			isa = XCBuildConfiguration;
			buildSettings = {
				ASSETCATALOG_COMPILER_APPICON_NAME = AppIcon;
				CODE_SIGN_STYLE = Automatic;
				DEVELOPMENT_TEAM = 4NVW2SSPZ5;
				INFOPLIST_FILE = CocoaheadsFloripa21/Info.plist;
				LD_RUNPATH_SEARCH_PATHS = (
					"$(inherited)",
					"@executable_path/Frameworks",
				);
				PRODUCT_BUNDLE_IDENTIFIER = br.com.ajeferson.CocoaheadsFloripa21;
				PRODUCT_NAME = "$(TARGET_NAME)";
				SWIFT_VERSION = 4.2;
				TARGETED_DEVICE_FAMILY = "1,2";
			};
			name = Debug;
		};
		F3EC28E422516CE90085C371 /* Release */ = {
			isa = XCBuildConfiguration;
			buildSettings = {
				ASSETCATALOG_COMPILER_APPICON_NAME = AppIcon;
				CODE_SIGN_STYLE = Automatic;
				DEVELOPMENT_TEAM = 4NVW2SSPZ5;
				INFOPLIST_FILE = CocoaheadsFloripa21/Info.plist;
				LD_RUNPATH_SEARCH_PATHS = (
					"$(inherited)",
					"@executable_path/Frameworks",
				);
				PRODUCT_BUNDLE_IDENTIFIER = br.com.ajeferson.CocoaheadsFloripa21;
				PRODUCT_NAME = "$(TARGET_NAME)";
				SWIFT_VERSION = 4.2;
				TARGETED_DEVICE_FAMILY = "1,2";
			};
			name = Release;
		};
/* End XCBuildConfiguration section */

/* Begin XCConfigurationList section */
		F371BEBD22512A8F0019B7C2 /* Build configuration list for PBXProject "CocoaheadsFloripa21" */ = {
			isa = XCConfigurationList;
			buildConfigurations = (
				F371BED222512A900019B7C2 /* Debug */,
				F371BED322512A900019B7C2 /* Release */,
			);
			defaultConfigurationIsVisible = 0;
			defaultConfigurationName = Release;
		};
		F371BEF722512B9E0019B7C2 /* Build configuration list for PBXNativeTarget "Training" */ = {
			isa = XCConfigurationList;
			buildConfigurations = (
				F371BEF822512B9E0019B7C2 /* Debug */,
				F371BEF922512B9E0019B7C2 /* Release */,
			);
			defaultConfigurationIsVisible = 0;
			defaultConfigurationName = Release;
		};
		F3EC28E222516CE90085C371 /* Build configuration list for PBXNativeTarget "CocoaheadsFloripa21" */ = {
			isa = XCConfigurationList;
			buildConfigurations = (
				F3EC28E322516CE90085C371 /* Debug */,
				F3EC28E422516CE90085C371 /* Release */,
			);
			defaultConfigurationIsVisible = 0;
			defaultConfigurationName = Release;
		};
/* End XCConfigurationList section */
	};
	rootObject = F371BEBA22512A8F0019B7C2 /* Project object */;
}
